// !$*UTF8*$!
{
	archiveVersion = 1;
	classes = {
	};
	objectVersion = 56;
	objects = {

/* Begin PBXBuildFile section */
		4927CF6D2BF20FA6004CD421 /* TableViewViewController.swift in Sources */ = {isa = PBXBuildFile; fileRef = 4927CF6C2BF20FA6004CD421 /* TableViewViewController.swift */; };
		4927CF6F2BF215A7004CD421 /* CollectionViewController.swift in Sources */ = {isa = PBXBuildFile; fileRef = 4927CF6E2BF215A7004CD421 /* CollectionViewController.swift */; };
		4927CF712BF5007D004CD421 /* Extension.swift in Sources */ = {isa = PBXBuildFile; fileRef = 4927CF702BF5007D004CD421 /* Extension.swift */; };
		4927CF772BF512B3004CD421 /* ListMemeCollectionViewCell.swift in Sources */ = {isa = PBXBuildFile; fileRef = 4927CF752BF512B3004CD421 /* ListMemeCollectionViewCell.swift */; };
		4927CF782BF512B3004CD421 /* ListMemeCollectionViewCell.xib in Resources */ = {isa = PBXBuildFile; fileRef = 4927CF762BF512B3004CD421 /* ListMemeCollectionViewCell.xib */; };
		4927CF7B2BF512CF004CD421 /* ListMemeTableViewCell.swift in Sources */ = {isa = PBXBuildFile; fileRef = 4927CF792BF512CF004CD421 /* ListMemeTableViewCell.swift */; };
		4927CF7C2BF512CF004CD421 /* ListMemeTableViewCell.xib in Resources */ = {isa = PBXBuildFile; fileRef = 4927CF7A2BF512CF004CD421 /* ListMemeTableViewCell.xib */; };
		4946FB532BFC57F800E0EBC3 /* DetailMemeViewController.swift in Sources */ = {isa = PBXBuildFile; fileRef = 4946FB522BFC57F800E0EBC3 /* DetailMemeViewController.swift */; };
		49535BDE2BCE1A6C008AEC6E /* AppDelegate.swift in Sources */ = {isa = PBXBuildFile; fileRef = 49535BDD2BCE1A6C008AEC6E /* AppDelegate.swift */; };
		49535BE02BCE1A6C008AEC6E /* SceneDelegate.swift in Sources */ = {isa = PBXBuildFile; fileRef = 49535BDF2BCE1A6C008AEC6E /* SceneDelegate.swift */; };
		49535BE22BCE1A6C008AEC6E /* EditMemeViewController.swift in Sources */ = {isa = PBXBuildFile; fileRef = 49535BE12BCE1A6C008AEC6E /* EditMemeViewController.swift */; };
		49535BE52BCE1A6C008AEC6E /* Main.storyboard in Resources */ = {isa = PBXBuildFile; fileRef = 49535BE32BCE1A6C008AEC6E /* Main.storyboard */; };
		49535BE72BCE1A6D008AEC6E /* Assets.xcassets in Resources */ = {isa = PBXBuildFile; fileRef = 49535BE62BCE1A6D008AEC6E /* Assets.xcassets */; };
		49535BEA2BCE1A6D008AEC6E /* LaunchScreen.storyboard in Resources */ = {isa = PBXBuildFile; fileRef = 49535BE82BCE1A6D008AEC6E /* LaunchScreen.storyboard */; };
/* End PBXBuildFile section */

/* Begin PBXFileReference section */
		4927CF6C2BF20FA6004CD421 /* TableViewViewController.swift */ = {isa = PBXFileReference; lastKnownFileType = sourcecode.swift; path = TableViewViewController.swift; sourceTree = "<group>"; };
		4927CF6E2BF215A7004CD421 /* CollectionViewController.swift */ = {isa = PBXFileReference; lastKnownFileType = sourcecode.swift; path = CollectionViewController.swift; sourceTree = "<group>"; };
		4927CF702BF5007D004CD421 /* Extension.swift */ = {isa = PBXFileReference; lastKnownFileType = sourcecode.swift; path = Extension.swift; sourceTree = "<group>"; };
		4927CF752BF512B3004CD421 /* ListMemeCollectionViewCell.swift */ = {isa = PBXFileReference; lastKnownFileType = sourcecode.swift; path = ListMemeCollectionViewCell.swift; sourceTree = "<group>"; };
		4927CF762BF512B3004CD421 /* ListMemeCollectionViewCell.xib */ = {isa = PBXFileReference; lastKnownFileType = file.xib; path = ListMemeCollectionViewCell.xib; sourceTree = "<group>"; };
		4927CF792BF512CF004CD421 /* ListMemeTableViewCell.swift */ = {isa = PBXFileReference; lastKnownFileType = sourcecode.swift; path = ListMemeTableViewCell.swift; sourceTree = "<group>"; };
		4927CF7A2BF512CF004CD421 /* ListMemeTableViewCell.xib */ = {isa = PBXFileReference; lastKnownFileType = file.xib; path = ListMemeTableViewCell.xib; sourceTree = "<group>"; };
		4946FB522BFC57F800E0EBC3 /* DetailMemeViewController.swift */ = {isa = PBXFileReference; lastKnownFileType = sourcecode.swift; path = DetailMemeViewController.swift; sourceTree = "<group>"; };
		49535BDA2BCE1A6C008AEC6E /* ImagePicker.app */ = {isa = PBXFileReference; explicitFileType = wrapper.application; includeInIndex = 0; path = ImagePicker.app; sourceTree = BUILT_PRODUCTS_DIR; };
		49535BDD2BCE1A6C008AEC6E /* AppDelegate.swift */ = {isa = PBXFileReference; lastKnownFileType = sourcecode.swift; path = AppDelegate.swift; sourceTree = "<group>"; };
		49535BDF2BCE1A6C008AEC6E /* SceneDelegate.swift */ = {isa = PBXFileReference; lastKnownFileType = sourcecode.swift; path = SceneDelegate.swift; sourceTree = "<group>"; };
		49535BE12BCE1A6C008AEC6E /* EditMemeViewController.swift */ = {isa = PBXFileReference; lastKnownFileType = sourcecode.swift; path = EditMemeViewController.swift; sourceTree = "<group>"; };
		49535BE42BCE1A6C008AEC6E /* Base */ = {isa = PBXFileReference; lastKnownFileType = file.storyboard; name = Base; path = Base.lproj/Main.storyboard; sourceTree = "<group>"; };
		49535BE62BCE1A6D008AEC6E /* Assets.xcassets */ = {isa = PBXFileReference; lastKnownFileType = folder.assetcatalog; path = Assets.xcassets; sourceTree = "<group>"; };
		49535BE92BCE1A6D008AEC6E /* Base */ = {isa = PBXFileReference; lastKnownFileType = file.storyboard; name = Base; path = Base.lproj/LaunchScreen.storyboard; sourceTree = "<group>"; };
		49535BEB2BCE1A6D008AEC6E /* Info.plist */ = {isa = PBXFileReference; lastKnownFileType = text.plist.xml; path = Info.plist; sourceTree = "<group>"; };
/* End PBXFileReference section */

/* Begin PBXFrameworksBuildPhase section */
		49535BD72BCE1A6C008AEC6E /* Frameworks */ = {
			isa = PBXFrameworksBuildPhase;
			buildActionMask = 2147483647;
			files = (
			);
			runOnlyForDeploymentPostprocessing = 0;
		};
/* End PBXFrameworksBuildPhase section */

/* Begin PBXGroup section */
		4927CF722BF5122F004CD421 /* Source */ = {
			isa = PBXGroup;
			children = (
				49535BDD2BCE1A6C008AEC6E /* AppDelegate.swift */,
				49535BDF2BCE1A6C008AEC6E /* SceneDelegate.swift */,
				49535BE62BCE1A6D008AEC6E /* Assets.xcassets */,
			);
			path = Source;
			sourceTree = "<group>";
		};
		4927CF732BF5124B004CD421 /* CollectionViewController */ = {
			isa = PBXGroup;
			children = (
				4927CF6E2BF215A7004CD421 /* CollectionViewController.swift */,
				4927CF752BF512B3004CD421 /* ListMemeCollectionViewCell.swift */,
				4927CF762BF512B3004CD421 /* ListMemeCollectionViewCell.xib */,
			);
			path = CollectionViewController;
			sourceTree = "<group>";
		};
		4927CF742BF51266004CD421 /* TableViewController */ = {
			isa = PBXGroup;
			children = (
				4927CF6C2BF20FA6004CD421 /* TableViewViewController.swift */,
				4927CF792BF512CF004CD421 /* ListMemeTableViewCell.swift */,
				4927CF7A2BF512CF004CD421 /* ListMemeTableViewCell.xib */,
			);
			path = TableViewController;
			sourceTree = "<group>";
		};
		49535BD12BCE1A6C008AEC6E = {
			isa = PBXGroup;
			children = (
				49535BDC2BCE1A6C008AEC6E /* ImagePicker */,
				49535BDB2BCE1A6C008AEC6E /* Products */,
			);
			sourceTree = "<group>";
		};
		49535BDB2BCE1A6C008AEC6E /* Products */ = {
			isa = PBXGroup;
			children = (
				49535BDA2BCE1A6C008AEC6E /* ImagePicker.app */,
			);
			name = Products;
			sourceTree = "<group>";
		};
		49535BDC2BCE1A6C008AEC6E /* ImagePicker */ = {
			isa = PBXGroup;
			children = (
				4927CF742BF51266004CD421 /* TableViewController */,
				4927CF732BF5124B004CD421 /* CollectionViewController */,
				4927CF722BF5122F004CD421 /* Source */,
				49535BE12BCE1A6C008AEC6E /* EditMemeViewController.swift */,
				49535BE32BCE1A6C008AEC6E /* Main.storyboard */,
				49535BE82BCE1A6D008AEC6E /* LaunchScreen.storyboard */,
				49535BEB2BCE1A6D008AEC6E /* Info.plist */,
				4927CF702BF5007D004CD421 /* Extension.swift */,
				4946FB522BFC57F800E0EBC3 /* DetailMemeViewController.swift */,
			);
			path = ImagePicker;
			sourceTree = "<group>";
		};
/* End PBXGroup section */

/* Begin PBXNativeTarget section */
		49535BD92BCE1A6C008AEC6E /* ImagePicker */ = {
			isa = PBXNativeTarget;
			buildConfigurationList = 49535BEE2BCE1A6D008AEC6E /* Build configuration list for PBXNativeTarget "ImagePicker" */;
			buildPhases = (
				49535BD62BCE1A6C008AEC6E /* Sources */,
				49535BD72BCE1A6C008AEC6E /* Frameworks */,
				49535BD82BCE1A6C008AEC6E /* Resources */,
			);
			buildRules = (
			);
			dependencies = (
			);
			name = ImagePicker;
			productName = ImagePicker;
			productReference = 49535BDA2BCE1A6C008AEC6E /* ImagePicker.app */;
			productType = "com.apple.product-type.application";
		};
/* End PBXNativeTarget section */

/* Begin PBXProject section */
		49535BD22BCE1A6C008AEC6E /* Project object */ = {
			isa = PBXProject;
			attributes = {
				BuildIndependentTargetsInParallel = 1;
				LastSwiftUpdateCheck = 1500;
				LastUpgradeCheck = 1500;
				TargetAttributes = {
					49535BD92BCE1A6C008AEC6E = {
						CreatedOnToolsVersion = 15.0;
					};
				};
			};
			buildConfigurationList = 49535BD52BCE1A6C008AEC6E /* Build configuration list for PBXProject "ImagePicker" */;
			compatibilityVersion = "Xcode 14.0";
			developmentRegion = en;
			hasScannedForEncodings = 0;
			knownRegions = (
				en,
				Base,
			);
			mainGroup = 49535BD12BCE1A6C008AEC6E;
			productRefGroup = 49535BDB2BCE1A6C008AEC6E /* Products */;
			projectDirPath = "";
			projectRoot = "";
			targets = (
				49535BD92BCE1A6C008AEC6E /* ImagePicker */,
			);
		};
/* End PBXProject section */

/* Begin PBXResourcesBuildPhase section */
		49535BD82BCE1A6C008AEC6E /* Resources */ = {
			isa = PBXResourcesBuildPhase;
			buildActionMask = 2147483647;
			files = (
				49535BEA2BCE1A6D008AEC6E /* LaunchScreen.storyboard in Resources */,
				4927CF7C2BF512CF004CD421 /* ListMemeTableViewCell.xib in Resources */,
				49535BE72BCE1A6D008AEC6E /* Assets.xcassets in Resources */,
				4927CF782BF512B3004CD421 /* ListMemeCollectionViewCell.xib in Resources */,
				49535BE52BCE1A6C008AEC6E /* Main.storyboard in Resources */,
			);
			runOnlyForDeploymentPostprocessing = 0;
		};
/* End PBXResourcesBuildPhase section */

/* Begin PBXSourcesBuildPhase section */
		49535BD62BCE1A6C008AEC6E /* Sources */ = {
			isa = PBXSourcesBuildPhase;
			buildActionMask = 2147483647;
			files = (
				4927CF6F2BF215A7004CD421 /* CollectionViewController.swift in Sources */,
				4927CF7B2BF512CF004CD421 /* ListMemeTableViewCell.swift in Sources */,
				4946FB532BFC57F800E0EBC3 /* DetailMemeViewController.swift in Sources */,
				4927CF712BF5007D004CD421 /* Extension.swift in Sources */,
				4927CF772BF512B3004CD421 /* ListMemeCollectionViewCell.swift in Sources */,
				49535BE22BCE1A6C008AEC6E /* EditMemeViewController.swift in Sources */,
				49535BDE2BCE1A6C008AEC6E /* AppDelegate.swift in Sources */,
				49535BE02BCE1A6C008AEC6E /* SceneDelegate.swift in Sources */,
				4927CF6D2BF20FA6004CD421 /* TableViewViewController.swift in Sources */,
			);
			runOnlyForDeploymentPostprocessing = 0;
		};
/* End PBXSourcesBuildPhase section */

/* Begin PBXVariantGroup section */
		49535BE32BCE1A6C008AEC6E /* Main.storyboard */ = {
			isa = PBXVariantGroup;
			children = (
				49535BE42BCE1A6C008AEC6E /* Base */,
			);
			name = Main.storyboard;
			sourceTree = "<group>";
		};
		49535BE82BCE1A6D008AEC6E /* LaunchScreen.storyboard */ = {
			isa = PBXVariantGroup;
			children = (
				49535BE92BCE1A6D008AEC6E /* Base */,
			);
			name = LaunchScreen.storyboard;
			sourceTree = "<group>";
		};
/* End PBXVariantGroup section */

/* Begin XCBuildConfiguration section */
		49535BEC2BCE1A6D008AEC6E /* Debug */ = {
			isa = XCBuildConfiguration;
			buildSettings = {
				ALWAYS_SEARCH_USER_PATHS = NO;
				ASSETCATALOG_COMPILER_GENERATE_SWIFT_ASSET_SYMBOL_EXTENSIONS = YES;
				CLANG_ANALYZER_NONNULL = YES;
				CLANG_ANALYZER_NUMBER_OBJECT_CONVERSION = YES_AGGRESSIVE;
				CLANG_CXX_LANGUAGE_STANDARD = "gnu++20";
				CLANG_ENABLE_MODULES = YES;
				CLANG_ENABLE_OBJC_ARC = YES;
				CLANG_ENABLE_OBJC_WEAK = YES;
				CLANG_WARN_BLOCK_CAPTURE_AUTORELEASING = YES;
				CLANG_WARN_BOOL_CONVERSION = YES;
				CLANG_WARN_COMMA = YES;
				CLANG_WARN_CONSTANT_CONVERSION = YES;
				CLANG_WARN_DEPRECATED_OBJC_IMPLEMENTATIONS = YES;
				CLANG_WARN_DIRECT_OBJC_ISA_USAGE = YES_ERROR;
				CLANG_WARN_DOCUMENTATION_COMMENTS = YES;
				CLANG_WARN_EMPTY_BODY = YES;
				CLANG_WARN_ENUM_CONVERSION = YES;
				CLANG_WARN_INFINITE_RECURSION = YES;
				CLANG_WARN_INT_CONVERSION = YES;
				CLANG_WARN_NON_LITERAL_NULL_CONVERSION = YES;
				CLANG_WARN_OBJC_IMPLICIT_RETAIN_SELF = YES;
				CLANG_WARN_OBJC_LITERAL_CONVERSION = YES;
				CLANG_WARN_OBJC_ROOT_CLASS = YES_ERROR;
				CLANG_WARN_QUOTED_INCLUDE_IN_FRAMEWORK_HEADER = YES;
				CLANG_WARN_RANGE_LOOP_ANALYSIS = YES;
				CLANG_WARN_STRICT_PROTOTYPES = YES;
				CLANG_WARN_SUSPICIOUS_MOVE = YES;
				CLANG_WARN_UNGUARDED_AVAILABILITY = YES_AGGRESSIVE;
				CLANG_WARN_UNREACHABLE_CODE = YES;
				CLANG_WARN__DUPLICATE_METHOD_MATCH = YES;
				COPY_PHASE_STRIP = NO;
				DEBUG_INFORMATION_FORMAT = dwarf;
				ENABLE_STRICT_OBJC_MSGSEND = YES;
				ENABLE_TESTABILITY = YES;
				ENABLE_USER_SCRIPT_SANDBOXING = YES;
				GCC_C_LANGUAGE_STANDARD = gnu17;
				GCC_DYNAMIC_NO_PIC = NO;
				GCC_NO_COMMON_BLOCKS = YES;
				GCC_OPTIMIZATION_LEVEL = 0;
				GCC_PREPROCESSOR_DEFINITIONS = (
					"DEBUG=1",
					"$(inherited)",
				);
				GCC_WARN_64_TO_32_BIT_CONVERSION = YES;
				GCC_WARN_ABOUT_RETURN_TYPE = YES_ERROR;
				GCC_WARN_UNDECLARED_SELECTOR = YES;
				GCC_WARN_UNINITIALIZED_AUTOS = YES_AGGRESSIVE;
				GCC_WARN_UNUSED_FUNCTION = YES;
				GCC_WARN_UNUSED_VARIABLE = YES;
				IPHONEOS_DEPLOYMENT_TARGET = 17.0;
				LOCALIZATION_PREFERS_STRING_CATALOGS = YES;
				MTL_ENABLE_DEBUG_INFO = INCLUDE_SOURCE;
				MTL_FAST_MATH = YES;
				ONLY_ACTIVE_ARCH = YES;
				SDKROOT = iphoneos;
				SWIFT_ACTIVE_COMPILATION_CONDITIONS = "DEBUG $(inherited)";
				SWIFT_OPTIMIZATION_LEVEL = "-Onone";
			};
			name = Debug;
		};
		49535BED2BCE1A6D008AEC6E /* Release */ = {
			isa = XCBuildConfiguration;
			buildSettings = {
				ALWAYS_SEARCH_USER_PATHS = NO;
				ASSETCATALOG_COMPILER_GENERATE_SWIFT_ASSET_SYMBOL_EXTENSIONS = YES;
				CLANG_ANALYZER_NONNULL = YES;
				CLANG_ANALYZER_NUMBER_OBJECT_CONVERSION = YES_AGGRESSIVE;
				CLANG_CXX_LANGUAGE_STANDARD = "gnu++20";
				CLANG_ENABLE_MODULES = YES;
				CLANG_ENABLE_OBJC_ARC = YES;
				CLANG_ENABLE_OBJC_WEAK = YES;
				CLANG_WARN_BLOCK_CAPTURE_AUTORELEASING = YES;
				CLANG_WARN_BOOL_CONVERSION = YES;
				CLANG_WARN_COMMA = YES;
				CLANG_WARN_CONSTANT_CONVERSION = YES;
				CLANG_WARN_DEPRECATED_OBJC_IMPLEMENTATIONS = YES;
				CLANG_WARN_DIRECT_OBJC_ISA_USAGE = YES_ERROR;
				CLANG_WARN_DOCUMENTATION_COMMENTS = YES;
				CLANG_WARN_EMPTY_BODY = YES;
				CLANG_WARN_ENUM_CONVERSION = YES;
				CLANG_WARN_INFINITE_RECURSION = YES;
				CLANG_WARN_INT_CONVERSION = YES;
				CLANG_WARN_NON_LITERAL_NULL_CONVERSION = YES;
				CLANG_WARN_OBJC_IMPLICIT_RETAIN_SELF = YES;
				CLANG_WARN_OBJC_LITERAL_CONVERSION = YES;
				CLANG_WARN_OBJC_ROOT_CLASS = YES_ERROR;
				CLANG_WARN_QUOTED_INCLUDE_IN_FRAMEWORK_HEADER = YES;
				CLANG_WARN_RANGE_LOOP_ANALYSIS = YES;
				CLANG_WARN_STRICT_PROTOTYPES = YES;
				CLANG_WARN_SUSPICIOUS_MOVE = YES;
				CLANG_WARN_UNGUARDED_AVAILABILITY = YES_AGGRESSIVE;
				CLANG_WARN_UNREACHABLE_CODE = YES;
				CLANG_WARN__DUPLICATE_METHOD_MATCH = YES;
				COPY_PHASE_STRIP = NO;
				DEBUG_INFORMATION_FORMAT = "dwarf-with-dsym";
				ENABLE_NS_ASSERTIONS = NO;
				ENABLE_STRICT_OBJC_MSGSEND = YES;
				ENABLE_USER_SCRIPT_SANDBOXING = YES;
				GCC_C_LANGUAGE_STANDARD = gnu17;
				GCC_NO_COMMON_BLOCKS = YES;
				GCC_WARN_64_TO_32_BIT_CONVERSION = YES;
				GCC_WARN_ABOUT_RETURN_TYPE = YES_ERROR;
				GCC_WARN_UNDECLARED_SELECTOR = YES;
				GCC_WARN_UNINITIALIZED_AUTOS = YES_AGGRESSIVE;
				GCC_WARN_UNUSED_FUNCTION = YES;
				GCC_WARN_UNUSED_VARIABLE = YES;
				IPHONEOS_DEPLOYMENT_TARGET = 17.0;
				LOCALIZATION_PREFERS_STRING_CATALOGS = YES;
				MTL_ENABLE_DEBUG_INFO = NO;
				MTL_FAST_MATH = YES;
				SDKROOT = iphoneos;
				SWIFT_COMPILATION_MODE = wholemodule;
				VALIDATE_PRODUCT = YES;
			};
			name = Release;
		};
		49535BEF2BCE1A6D008AEC6E /* Debug */ = {
			isa = XCBuildConfiguration;
			buildSettings = {
				ASSETCATALOG_COMPILER_APPICON_NAME = AppIcon;
				ASSETCATALOG_COMPILER_GLOBAL_ACCENT_COLOR_NAME = AccentColor;
				CODE_SIGN_STYLE = Automatic;
				CURRENT_PROJECT_VERSION = 1;
				DEVELOPMENT_TEAM = DH6US4R7K8;
				GENERATE_INFOPLIST_FILE = YES;
				INFOPLIST_FILE = ImagePicker/Info.plist;
				INFOPLIST_KEY_UIApplicationSupportsIndirectInputEvents = YES;
				INFOPLIST_KEY_UILaunchStoryboardName = LaunchScreen;
				INFOPLIST_KEY_UIMainStoryboardFile = Main;
				INFOPLIST_KEY_UISupportedInterfaceOrientations_iPad = "UIInterfaceOrientationPortrait UIInterfaceOrientationPortraitUpsideDown UIInterfaceOrientationLandscapeLeft UIInterfaceOrientationLandscapeRight";
				INFOPLIST_KEY_UISupportedInterfaceOrientations_iPhone = "UIInterfaceOrientationPortrait UIInterfaceOrientationLandscapeLeft UIInterfaceOrientationLandscapeRight";
				LD_RUNPATH_SEARCH_PATHS = (
					"$(inherited)",
					"@executable_path/Frameworks",
				);
				MARKETING_VERSION = 1.0;
				PRODUCT_BUNDLE_IDENTIFIER = com.udacity.ImagePicker;
				PRODUCT_NAME = "$(TARGET_NAME)";
				SWIFT_EMIT_LOC_STRINGS = YES;
				SWIFT_VERSION = 5.0;
				TARGETED_DEVICE_FAMILY = "1,2";
			};
			name = Debug;
		};
		49535BF02BCE1A6D008AEC6E /* Release */ = {
			isa = XCBuildConfiguration;
			buildSettings = {
				ASSETCATALOG_COMPILER_APPICON_NAME = AppIcon;
				ASSETCATALOG_COMPILER_GLOBAL_ACCENT_COLOR_NAME = AccentColor;
				CODE_SIGN_STYLE = Automatic;
				CURRENT_PROJECT_VERSION = 1;
				DEVELOPMENT_TEAM = DH6US4R7K8;
				GENERATE_INFOPLIST_FILE = YES;
				INFOPLIST_FILE = ImagePicker/Info.plist;
				INFOPLIST_KEY_UIApplicationSupportsIndirectInputEvents = YES;
				INFOPLIST_KEY_UILaunchStoryboardName = LaunchScreen;
				INFOPLIST_KEY_UIMainStoryboardFile = Main;
				INFOPLIST_KEY_UISupportedInterfaceOrientations_iPad = "UIInterfaceOrientationPortrait UIInterfaceOrientationPortraitUpsideDown UIInterfaceOrientationLandscapeLeft UIInterfaceOrientationLandscapeRight";
				INFOPLIST_KEY_UISupportedInterfaceOrientations_iPhone = "UIInterfaceOrientationPortrait UIInterfaceOrientationLandscapeLeft UIInterfaceOrientationLandscapeRight";
				LD_RUNPATH_SEARCH_PATHS = (
					"$(inherited)",
					"@executable_path/Frameworks",
				);
				MARKETING_VERSION = 1.0;
				PRODUCT_BUNDLE_IDENTIFIER = com.udacity.ImagePicker;
				PRODUCT_NAME = "$(TARGET_NAME)";
				SWIFT_EMIT_LOC_STRINGS = YES;
				SWIFT_VERSION = 5.0;
				TARGETED_DEVICE_FAMILY = "1,2";
			};
			name = Release;
		};
/* End XCBuildConfiguration section */

/* Begin XCConfigurationList section */
		49535BD52BCE1A6C008AEC6E /* Build configuration list for PBXProject "ImagePicker" */ = {
			isa = XCConfigurationList;
			buildConfigurations = (
				49535BEC2BCE1A6D008AEC6E /* Debug */,
				49535BED2BCE1A6D008AEC6E /* Release */,
			);
			defaultConfigurationIsVisible = 0;
			defaultConfigurationName = Release;
		};
		49535BEE2BCE1A6D008AEC6E /* Build configuration list for PBXNativeTarget "ImagePicker" */ = {
			isa = XCConfigurationList;
			buildConfigurations = (
				49535BEF2BCE1A6D008AEC6E /* Debug */,
				49535BF02BCE1A6D008AEC6E /* Release */,
			);
			defaultConfigurationIsVisible = 0;
			defaultConfigurationName = Release;
		};
/* End XCConfigurationList section */
	};
	rootObject = 49535BD22BCE1A6C008AEC6E /* Project object */;
}
